
Microsoft Visual Studio Solution File, Format Version 12.00
Project("{2150E333-8FDC-42A3-9474-1A3956D46DE8}") = "Solution Items", "Solution Items", "{14514E8B-57B7-4940-BDBE-98BB41DAF604}"
	ProjectSection(SolutionItems) = preProject
		docker-compose.yml = docker-compose.yml
		auto-script.bat = auto-script.bat
		tye.yaml = tye.yaml
		docker-compose.override.yml = docker-compose.override.yml
	EndProjectSection
EndProject
Project("{2150E333-8FDC-42A3-9474-1A3956D46DE8}") = "src", "src", "{64D839DD-2474-409F-AC72-2F143872FB70}"
EndProject
Project("{FAE04EC0-301F-11D3-BF4B-00C04F79EFBC}") = "Auth.Service", "src\Auth.Service\Auth.Service.csproj", "{E6D9F1FF-E3AC-4B87-853B-BE68EB12F016}"
EndProject
Project("{2150E333-8FDC-42A3-9474-1A3956D46DE8}") = "BuildingBlocks", "BuildingBlocks", "{DC26E425-05E2-4350-B1EF-0D8A2D497964}"
EndProject
Project("{FAE04EC0-301F-11D3-BF4B-00C04F79EFBC}") = "Contracts", "src\BuildingBlocks\Contracts\Contracts.csproj", "{9242E6CC-BF36-4BD1-9484-B66210F96FD4}"
EndProject
Project("{FAE04EC0-301F-11D3-BF4B-00C04F79EFBC}") = "Basket.Service", "src\Basket.Service\Basket.Service.csproj", "{5D205F4F-C260-4614-8364-C08F917A3B06}"
EndProject
Project("{FAE04EC0-301F-11D3-BF4B-00C04F79EFBC}") = "Catalog.Service", "src\Catalog.Service\Catalog.Service.csproj", "{808FA083-735A-4FA0-8DB6-89EA7FC38303}"
EndProject
Project("{FAE04EC0-301F-11D3-BF4B-00C04F79EFBC}") = "Order.Service", "src\Order.Service\Order.Service.csproj", "{1745597A-0A4D-40E6-BD2F-41220F34CD1D}"
EndProject
Project("{FAE04EC0-301F-11D3-BF4B-00C04F79EFBC}") = "ApiGateway", "src\ApiGateway\ApiGateway.csproj", "{067EC7FE-7E9E-4B65-8F3F-04275BF49F75}"
EndProject
Project("{FAE04EC0-301F-11D3-BF4B-00C04F79EFBC}") = "User.Service", "src\User.Service\User.Service.csproj", "{946D3CDD-AB9E-4335-9375-7C830D8697DE}"
EndProject
Project("{2150E333-8FDC-42A3-9474-1A3956D46DE8}") = "tests", "tests", "{2CA9DA30-F925-42C3-9EFE-D16C640C1224}"
EndProject
Project("{FAE04EC0-301F-11D3-BF4B-00C04F79EFBC}") = "ApiGateway.Tests", "tests\ApiGateway.Tests\ApiGateway.Tests.csproj", "{7D761310-263A-4974-AB09-72B54B292B16}"
EndProject
Project("{FAE04EC0-301F-11D3-BF4B-00C04F79EFBC}") = "Auth.Service.Tests", "tests\Auth.Service.Tests\Auth.Service.Tests.csproj", "{EDFD98EC-87E6-4D7B-ABE4-0E41A59E8484}"
EndProject
Project("{FAE04EC0-301F-11D3-BF4B-00C04F79EFBC}") = "Basket.Service.Tests", "tests\Basket.Service.Tests\Basket.Service.Tests.csproj", "{CD3318B3-0755-4909-B6D8-78B627251021}"
EndProject
Project("{FAE04EC0-301F-11D3-BF4B-00C04F79EFBC}") = "Catalog.Service.Tests", "tests\Catalog.Service.Tests\Catalog.Service.Tests.csproj", "{10116695-6F81-415E-9023-59DEF1346A59}"
EndProject
Project("{FAE04EC0-301F-11D3-BF4B-00C04F79EFBC}") = "Order.Service.Tests", "tests\Order.Service.Tests\Order.Service.Tests.csproj", "{E2825FC7-4E4C-419F-BF3C-33E1FA1F43CA}"
EndProject
Project("{FAE04EC0-301F-11D3-BF4B-00C04F79EFBC}") = "User.Service.Tests", "tests\User.Service.Tests\User.Service.Tests.csproj", "{60934882-FE7A-4F63-A33C-714FC531F04F}"
EndProject
Global
	GlobalSection(SolutionConfigurationPlatforms) = preSolution
		Debug|Any CPU = Debug|Any CPU
		Release|Any CPU = Release|Any CPU
	EndGlobalSection
	GlobalSection(ProjectConfigurationPlatforms) = postSolution
		{E6D9F1FF-E3AC-4B87-853B-BE68EB12F016}.Debug|Any CPU.ActiveCfg = Debug|Any CPU
		{E6D9F1FF-E3AC-4B87-853B-BE68EB12F016}.Debug|Any CPU.Build.0 = Debug|Any CPU
		{E6D9F1FF-E3AC-4B87-853B-BE68EB12F016}.Release|Any CPU.ActiveCfg = Release|Any CPU
		{E6D9F1FF-E3AC-4B87-853B-BE68EB12F016}.Release|Any CPU.Build.0 = Release|Any CPU
		{9242E6CC-BF36-4BD1-9484-B66210F96FD4}.Debug|Any CPU.ActiveCfg = Debug|Any CPU
		{9242E6CC-BF36-4BD1-9484-B66210F96FD4}.Debug|Any CPU.Build.0 = Debug|Any CPU
		{9242E6CC-BF36-4BD1-9484-B66210F96FD4}.Release|Any CPU.ActiveCfg = Release|Any CPU
		{9242E6CC-BF36-4BD1-9484-B66210F96FD4}.Release|Any CPU.Build.0 = Release|Any CPU
		{5D205F4F-C260-4614-8364-C08F917A3B06}.Debug|Any CPU.ActiveCfg = Debug|Any CPU
		{5D205F4F-C260-4614-8364-C08F917A3B06}.Debug|Any CPU.Build.0 = Debug|Any CPU
		{5D205F4F-C260-4614-8364-C08F917A3B06}.Release|Any CPU.ActiveCfg = Release|Any CPU
		{5D205F4F-C260-4614-8364-C08F917A3B06}.Release|Any CPU.Build.0 = Release|Any CPU
		{808FA083-735A-4FA0-8DB6-89EA7FC38303}.Debug|Any CPU.ActiveCfg = Debug|Any CPU
		{808FA083-735A-4FA0-8DB6-89EA7FC38303}.Debug|Any CPU.Build.0 = Debug|Any CPU
		{808FA083-735A-4FA0-8DB6-89EA7FC38303}.Release|Any CPU.ActiveCfg = Release|Any CPU
		{808FA083-735A-4FA0-8DB6-89EA7FC38303}.Release|Any CPU.Build.0 = Release|Any CPU
		{1745597A-0A4D-40E6-BD2F-41220F34CD1D}.Debug|Any CPU.ActiveCfg = Debug|Any CPU
		{1745597A-0A4D-40E6-BD2F-41220F34CD1D}.Debug|Any CPU.Build.0 = Debug|Any CPU
		{1745597A-0A4D-40E6-BD2F-41220F34CD1D}.Release|Any CPU.ActiveCfg = Release|Any CPU
		{1745597A-0A4D-40E6-BD2F-41220F34CD1D}.Release|Any CPU.Build.0 = Release|Any CPU
		{067EC7FE-7E9E-4B65-8F3F-04275BF49F75}.Debug|Any CPU.ActiveCfg = Debug|Any CPU
		{067EC7FE-7E9E-4B65-8F3F-04275BF49F75}.Debug|Any CPU.Build.0 = Debug|Any CPU
		{067EC7FE-7E9E-4B65-8F3F-04275BF49F75}.Release|Any CPU.ActiveCfg = Release|Any CPU
		{067EC7FE-7E9E-4B65-8F3F-04275BF49F75}.Release|Any CPU.Build.0 = Release|Any CPU
		{946D3CDD-AB9E-4335-9375-7C830D8697DE}.Debug|Any CPU.ActiveCfg = Debug|Any CPU
		{946D3CDD-AB9E-4335-9375-7C830D8697DE}.Debug|Any CPU.Build.0 = Debug|Any CPU
		{946D3CDD-AB9E-4335-9375-7C830D8697DE}.Release|Any CPU.ActiveCfg = Release|Any CPU
		{946D3CDD-AB9E-4335-9375-7C830D8697DE}.Release|Any CPU.Build.0 = Release|Any CPU
		{7D761310-263A-4974-AB09-72B54B292B16}.Debug|Any CPU.ActiveCfg = Debug|Any CPU
		{7D761310-263A-4974-AB09-72B54B292B16}.Debug|Any CPU.Build.0 = Debug|Any CPU
		{7D761310-263A-4974-AB09-72B54B292B16}.Release|Any CPU.ActiveCfg = Release|Any CPU
		{7D761310-263A-4974-AB09-72B54B292B16}.Release|Any CPU.Build.0 = Release|Any CPU
		{EDFD98EC-87E6-4D7B-ABE4-0E41A59E8484}.Debug|Any CPU.ActiveCfg = Debug|Any CPU
		{EDFD98EC-87E6-4D7B-ABE4-0E41A59E8484}.Debug|Any CPU.Build.0 = Debug|Any CPU
		{EDFD98EC-87E6-4D7B-ABE4-0E41A59E8484}.Release|Any CPU.ActiveCfg = Release|Any CPU
		{EDFD98EC-87E6-4D7B-ABE4-0E41A59E8484}.Release|Any CPU.Build.0 = Release|Any CPU
		{CD3318B3-0755-4909-B6D8-78B627251021}.Debug|Any CPU.ActiveCfg = Debug|Any CPU
		{CD3318B3-0755-4909-B6D8-78B627251021}.Debug|Any CPU.Build.0 = Debug|Any CPU
		{CD3318B3-0755-4909-B6D8-78B627251021}.Release|Any CPU.ActiveCfg = Release|Any CPU
		{CD3318B3-0755-4909-B6D8-78B627251021}.Release|Any CPU.Build.0 = Release|Any CPU
		{10116695-6F81-415E-9023-59DEF1346A59}.Debug|Any CPU.ActiveCfg = Debug|Any CPU
		{10116695-6F81-415E-9023-59DEF1346A59}.Debug|Any CPU.Build.0 = Debug|Any CPU
		{10116695-6F81-415E-9023-59DEF1346A59}.Release|Any CPU.ActiveCfg = Release|Any CPU
		{10116695-6F81-415E-9023-59DEF1346A59}.Release|Any CPU.Build.0 = Release|Any CPU
		{E2825FC7-4E4C-419F-BF3C-33E1FA1F43CA}.Debug|Any CPU.ActiveCfg = Debug|Any CPU
		{E2825FC7-4E4C-419F-BF3C-33E1FA1F43CA}.Debug|Any CPU.Build.0 = Debug|Any CPU
		{E2825FC7-4E4C-419F-BF3C-33E1FA1F43CA}.Release|Any CPU.ActiveCfg = Release|Any CPU
		{E2825FC7-4E4C-419F-BF3C-33E1FA1F43CA}.Release|Any CPU.Build.0 = Release|Any CPU
		{60934882-FE7A-4F63-A33C-714FC531F04F}.Debug|Any CPU.ActiveCfg = Debug|Any CPU
		{60934882-FE7A-4F63-A33C-714FC531F04F}.Debug|Any CPU.Build.0 = Debug|Any CPU
		{60934882-FE7A-4F63-A33C-714FC531F04F}.Release|Any CPU.ActiveCfg = Release|Any CPU
		{60934882-FE7A-4F63-A33C-714FC531F04F}.Release|Any CPU.Build.0 = Release|Any CPU
	EndGlobalSection
	GlobalSection(NestedProjects) = preSolution
		{E6D9F1FF-E3AC-4B87-853B-BE68EB12F016} = {64D839DD-2474-409F-AC72-2F143872FB70}
		{DC26E425-05E2-4350-B1EF-0D8A2D497964} = {64D839DD-2474-409F-AC72-2F143872FB70}
		{9242E6CC-BF36-4BD1-9484-B66210F96FD4} = {DC26E425-05E2-4350-B1EF-0D8A2D497964}
		{5D205F4F-C260-4614-8364-C08F917A3B06} = {64D839DD-2474-409F-AC72-2F143872FB70}
		{808FA083-735A-4FA0-8DB6-89EA7FC38303} = {64D839DD-2474-409F-AC72-2F143872FB70}
		{1745597A-0A4D-40E6-BD2F-41220F34CD1D} = {64D839DD-2474-409F-AC72-2F143872FB70}
		{067EC7FE-7E9E-4B65-8F3F-04275BF49F75} = {64D839DD-2474-409F-AC72-2F143872FB70}
		{946D3CDD-AB9E-4335-9375-7C830D8697DE} = {64D839DD-2474-409F-AC72-2F143872FB70}
		{7D761310-263A-4974-AB09-72B54B292B16} = {2CA9DA30-F925-42C3-9EFE-D16C640C1224}
		{EDFD98EC-87E6-4D7B-ABE4-0E41A59E8484} = {2CA9DA30-F925-42C3-9EFE-D16C640C1224}
		{CD3318B3-0755-4909-B6D8-78B627251021} = {2CA9DA30-F925-42C3-9EFE-D16C640C1224}
		{10116695-6F81-415E-9023-59DEF1346A59} = {2CA9DA30-F925-42C3-9EFE-D16C640C1224}
		{E2825FC7-4E4C-419F-BF3C-33E1FA1F43CA} = {2CA9DA30-F925-42C3-9EFE-D16C640C1224}
		{60934882-FE7A-4F63-A33C-714FC531F04F} = {2CA9DA30-F925-42C3-9EFE-D16C640C1224}
	EndGlobalSection
EndGlobal
