
Microsoft Visual Studio Solution File, Format Version 12.00
Project("{2150E333-8FDC-42A3-9474-1A3956D46DE8}") = "Solution Items", "Solution Items", "{14514E8B-57B7-4940-BDBE-98BB41DAF604}"
	ProjectSection(SolutionItems) = preProject
		docker-compose.yml = docker-compose.yml
	EndProjectSection
EndProject
Project("{2150E333-8FDC-42A3-9474-1A3956D46DE8}") = "src", "src", "{64D839DD-2474-409F-AC72-2F143872FB70}"
EndProject
Project("{FAE04EC0-301F-11D3-BF4B-00C04F79EFBC}") = "Product.Service", "src\Product.Service\Product.Service.csproj", "{9F1122A8-97FE-43B2-BF7C-63E48CA226FB}"
EndProject
Project("{FAE04EC0-301F-11D3-BF4B-00C04F79EFBC}") = "ApiGateway", "src\ApiGateway\ApiGateway.csproj", "{5C44E68C-55BB-436C-8C5B-EEF124DC15B9}"
EndProject
Project("{FAE04EC0-301F-11D3-BF4B-00C04F79EFBC}") = "AuthService", "src\AuthService\AuthService.csproj", "{E6D9F1FF-E3AC-4B87-853B-BE68EB12F016}"
EndProject
Project("{2150E333-8FDC-42A3-9474-1A3956D46DE8}") = "BuildingBlocks", "BuildingBlocks", "{DC26E425-05E2-4350-B1EF-0D8A2D497964}"
EndProject
Project("{FAE04EC0-301F-11D3-BF4B-00C04F79EFBC}") = "Contracts", "src\BuildingBlocks\Contracts\Contracts.csproj", "{9242E6CC-BF36-4BD1-9484-B66210F96FD4}"
EndProject
Project("{FAE04EC0-301F-11D3-BF4B-00C04F79EFBC}") = "Customer.Service", "src\Customer.Service\Customer.Service.csproj", "{42392B40-8F4F-4BA9-91DB-C63FC4AE7E1F}"
EndProject
Project("{FAE04EC0-301F-11D3-BF4B-00C04F79EFBC}") = "Cart.Service", "src\Cart.Service\Cart.Service.csproj", "{85731CD0-B43D-45A3-BA3F-65D8F8CBA8A0}"
EndProject
Global
	GlobalSection(SolutionConfigurationPlatforms) = preSolution
		Debug|Any CPU = Debug|Any CPU
		Release|Any CPU = Release|Any CPU
	EndGlobalSection
	GlobalSection(ProjectConfigurationPlatforms) = postSolution
		{9F1122A8-97FE-43B2-BF7C-63E48CA226FB}.Debug|Any CPU.ActiveCfg = Debug|Any CPU
		{9F1122A8-97FE-43B2-BF7C-63E48CA226FB}.Debug|Any CPU.Build.0 = Debug|Any CPU
		{9F1122A8-97FE-43B2-BF7C-63E48CA226FB}.Release|Any CPU.ActiveCfg = Release|Any CPU
		{9F1122A8-97FE-43B2-BF7C-63E48CA226FB}.Release|Any CPU.Build.0 = Release|Any CPU
		{5C44E68C-55BB-436C-8C5B-EEF124DC15B9}.Debug|Any CPU.ActiveCfg = Debug|Any CPU
		{5C44E68C-55BB-436C-8C5B-EEF124DC15B9}.Debug|Any CPU.Build.0 = Debug|Any CPU
		{5C44E68C-55BB-436C-8C5B-EEF124DC15B9}.Release|Any CPU.ActiveCfg = Release|Any CPU
		{5C44E68C-55BB-436C-8C5B-EEF124DC15B9}.Release|Any CPU.Build.0 = Release|Any CPU
		{E6D9F1FF-E3AC-4B87-853B-BE68EB12F016}.Debug|Any CPU.ActiveCfg = Debug|Any CPU
		{E6D9F1FF-E3AC-4B87-853B-BE68EB12F016}.Debug|Any CPU.Build.0 = Debug|Any CPU
		{E6D9F1FF-E3AC-4B87-853B-BE68EB12F016}.Release|Any CPU.ActiveCfg = Release|Any CPU
		{E6D9F1FF-E3AC-4B87-853B-BE68EB12F016}.Release|Any CPU.Build.0 = Release|Any CPU
		{9242E6CC-BF36-4BD1-9484-B66210F96FD4}.Debug|Any CPU.ActiveCfg = Debug|Any CPU
		{9242E6CC-BF36-4BD1-9484-B66210F96FD4}.Debug|Any CPU.Build.0 = Debug|Any CPU
		{9242E6CC-BF36-4BD1-9484-B66210F96FD4}.Release|Any CPU.ActiveCfg = Release|Any CPU
		{9242E6CC-BF36-4BD1-9484-B66210F96FD4}.Release|Any CPU.Build.0 = Release|Any CPU
		{42392B40-8F4F-4BA9-91DB-C63FC4AE7E1F}.Debug|Any CPU.ActiveCfg = Debug|Any CPU
		{42392B40-8F4F-4BA9-91DB-C63FC4AE7E1F}.Debug|Any CPU.Build.0 = Debug|Any CPU
		{42392B40-8F4F-4BA9-91DB-C63FC4AE7E1F}.Release|Any CPU.ActiveCfg = Release|Any CPU
		{42392B40-8F4F-4BA9-91DB-C63FC4AE7E1F}.Release|Any CPU.Build.0 = Release|Any CPU
		{85731CD0-B43D-45A3-BA3F-65D8F8CBA8A0}.Debug|Any CPU.ActiveCfg = Debug|Any CPU
		{85731CD0-B43D-45A3-BA3F-65D8F8CBA8A0}.Debug|Any CPU.Build.0 = Debug|Any CPU
		{85731CD0-B43D-45A3-BA3F-65D8F8CBA8A0}.Release|Any CPU.ActiveCfg = Release|Any CPU
		{85731CD0-B43D-45A3-BA3F-65D8F8CBA8A0}.Release|Any CPU.Build.0 = Release|Any CPU
	EndGlobalSection
	GlobalSection(NestedProjects) = preSolution
		{9F1122A8-97FE-43B2-BF7C-63E48CA226FB} = {64D839DD-2474-409F-AC72-2F143872FB70}
		{5C44E68C-55BB-436C-8C5B-EEF124DC15B9} = {64D839DD-2474-409F-AC72-2F143872FB70}
		{E6D9F1FF-E3AC-4B87-853B-BE68EB12F016} = {64D839DD-2474-409F-AC72-2F143872FB70}
		{DC26E425-05E2-4350-B1EF-0D8A2D497964} = {64D839DD-2474-409F-AC72-2F143872FB70}
		{9242E6CC-BF36-4BD1-9484-B66210F96FD4} = {DC26E425-05E2-4350-B1EF-0D8A2D497964}
		{42392B40-8F4F-4BA9-91DB-C63FC4AE7E1F} = {64D839DD-2474-409F-AC72-2F143872FB70}
		{85731CD0-B43D-45A3-BA3F-65D8F8CBA8A0} = {64D839DD-2474-409F-AC72-2F143872FB70}
	EndGlobalSection
EndGlobal
